
Microsoft Visual Studio Solution File, Format Version 12.00
# Visual Studio 15
VisualStudioVersion = 15.0.28307.329
MinimumVisualStudioVersion = 10.0.40219.1
Project("{FAE04EC0-301F-11D3-BF4B-00C04F79EFBC}") = "Chinook.Data", "Chinook.Data\Chinook.Data.csproj", "{8F2E5959-5394-46EA-B8E1-B7F866DABDD6}"
EndProject
Project("{FAE04EC0-301F-11D3-BF4B-00C04F79EFBC}") = "Chinook.Data.Test", "Chinook.Data.Test\Chinook.Data.Test.csproj", "{AAD08B6E-84BC-48BA-837C-B7E54566726F}"
EndProject
Project("{FAE04EC0-301F-11D3-BF4B-00C04F79EFBC}") = "Chinook.Entities", "Chinook.Entities\Chinook.Entities.csproj", "{CDF02273-9CA7-4E50-8950-17AB6E84D38A}"
EndProject
Project("{FAE04EC0-301F-11D3-BF4B-00C04F79EFBC}") = "Chinook.UI.Desktop", "Chinook.UI.Desktop\Chinook.UI.Desktop.csproj", "{8AA88B9E-67B3-40D0-84AD-2B405573F5C9}"
EndProject
Project("{2150E333-8FDC-42A3-9474-1A3956D46DE8}") = "Ado", "Ado", "{3D3BCFAE-837E-4F56-A066-8546ACED5850}"
EndProject
Project("{2150E333-8FDC-42A3-9474-1A3956D46DE8}") = "EF.CodeFirst", "EF.CodeFirst", "{0269BFB4-89A8-42D4-99FD-C3FC80385695}"
EndProject
Project("{FAE04EC0-301F-11D3-BF4B-00C04F79EFBC}") = "App.EF.CodeFirst", "App.EF.CodeFirst\App.EF.CodeFirst.csproj", "{9365EA59-608D-45D7-B145-A51C6A2AAF3E}"
EndProject
Project("{FAE04EC0-301F-11D3-BF4B-00C04F79EFBC}") = "App.EF.CodeFirst.Entities", "App.EF.CodeFirst.Entities\App.EF.CodeFirst.Entities.csproj", "{8F067DDB-65CD-42B0-892A-2163C4AC0AB5}"
EndProject
Project("{FAE04EC0-301F-11D3-BF4B-00C04F79EFBC}") = "App.EF.CodeFirst.Test", "App.EF.CodeFirst.Test\App.EF.CodeFirst.Test.csproj", "{AE113400-B052-4C1D-9CAD-D15A8E082D9B}"
EndProject
Project("{FAE04EC0-301F-11D3-BF4B-00C04F79EFBC}") = "App.EF.Entities.Query", "App.EF.Entities.Query\App.EF.Entities.Query.csproj", "{11C04F93-E953-4872-8FB5-6A2BD22A9195}"
EndProject
Global
	GlobalSection(SolutionConfigurationPlatforms) = preSolution
		Debug|Any CPU = Debug|Any CPU
		Release|Any CPU = Release|Any CPU
	EndGlobalSection
	GlobalSection(ProjectConfigurationPlatforms) = postSolution
		{8F2E5959-5394-46EA-B8E1-B7F866DABDD6}.Debug|Any CPU.ActiveCfg = Debug|Any CPU
		{8F2E5959-5394-46EA-B8E1-B7F866DABDD6}.Debug|Any CPU.Build.0 = Debug|Any CPU
		{8F2E5959-5394-46EA-B8E1-B7F866DABDD6}.Release|Any CPU.ActiveCfg = Release|Any CPU
		{8F2E5959-5394-46EA-B8E1-B7F866DABDD6}.Release|Any CPU.Build.0 = Release|Any CPU
		{AAD08B6E-84BC-48BA-837C-B7E54566726F}.Debug|Any CPU.ActiveCfg = Debug|Any CPU
		{AAD08B6E-84BC-48BA-837C-B7E54566726F}.Debug|Any CPU.Build.0 = Debug|Any CPU
		{AAD08B6E-84BC-48BA-837C-B7E54566726F}.Release|Any CPU.ActiveCfg = Release|Any CPU
		{AAD08B6E-84BC-48BA-837C-B7E54566726F}.Release|Any CPU.Build.0 = Release|Any CPU
		{CDF02273-9CA7-4E50-8950-17AB6E84D38A}.Debug|Any CPU.ActiveCfg = Debug|Any CPU
		{CDF02273-9CA7-4E50-8950-17AB6E84D38A}.Debug|Any CPU.Build.0 = Debug|Any CPU
		{CDF02273-9CA7-4E50-8950-17AB6E84D38A}.Release|Any CPU.ActiveCfg = Release|Any CPU
		{CDF02273-9CA7-4E50-8950-17AB6E84D38A}.Release|Any CPU.Build.0 = Release|Any CPU
		{8AA88B9E-67B3-40D0-84AD-2B405573F5C9}.Debug|Any CPU.ActiveCfg = Debug|Any CPU
		{8AA88B9E-67B3-40D0-84AD-2B405573F5C9}.Debug|Any CPU.Build.0 = Debug|Any CPU
		{8AA88B9E-67B3-40D0-84AD-2B405573F5C9}.Release|Any CPU.ActiveCfg = Release|Any CPU
		{8AA88B9E-67B3-40D0-84AD-2B405573F5C9}.Release|Any CPU.Build.0 = Release|Any CPU
		{9365EA59-608D-45D7-B145-A51C6A2AAF3E}.Debug|Any CPU.ActiveCfg = Debug|Any CPU
		{9365EA59-608D-45D7-B145-A51C6A2AAF3E}.Debug|Any CPU.Build.0 = Debug|Any CPU
		{9365EA59-608D-45D7-B145-A51C6A2AAF3E}.Release|Any CPU.ActiveCfg = Release|Any CPU
		{9365EA59-608D-45D7-B145-A51C6A2AAF3E}.Release|Any CPU.Build.0 = Release|Any CPU
		{8F067DDB-65CD-42B0-892A-2163C4AC0AB5}.Debug|Any CPU.ActiveCfg = Debug|Any CPU
		{8F067DDB-65CD-42B0-892A-2163C4AC0AB5}.Debug|Any CPU.Build.0 = Debug|Any CPU
		{8F067DDB-65CD-42B0-892A-2163C4AC0AB5}.Release|Any CPU.ActiveCfg = Release|Any CPU
		{8F067DDB-65CD-42B0-892A-2163C4AC0AB5}.Release|Any CPU.Build.0 = Release|Any CPU
		{AE113400-B052-4C1D-9CAD-D15A8E082D9B}.Debug|Any CPU.ActiveCfg = Debug|Any CPU
		{AE113400-B052-4C1D-9CAD-D15A8E082D9B}.Debug|Any CPU.Build.0 = Debug|Any CPU
		{AE113400-B052-4C1D-9CAD-D15A8E082D9B}.Release|Any CPU.ActiveCfg = Release|Any CPU
		{AE113400-B052-4C1D-9CAD-D15A8E082D9B}.Release|Any CPU.Build.0 = Release|Any CPU
		{11C04F93-E953-4872-8FB5-6A2BD22A9195}.Debug|Any CPU.ActiveCfg = Debug|Any CPU
		{11C04F93-E953-4872-8FB5-6A2BD22A9195}.Debug|Any CPU.Build.0 = Debug|Any CPU
		{11C04F93-E953-4872-8FB5-6A2BD22A9195}.Release|Any CPU.ActiveCfg = Release|Any CPU
		{11C04F93-E953-4872-8FB5-6A2BD22A9195}.Release|Any CPU.Build.0 = Release|Any CPU
	EndGlobalSection
	GlobalSection(SolutionProperties) = preSolution
		HideSolutionNode = FALSE
	EndGlobalSection
	GlobalSection(NestedProjects) = preSolution
		{8F2E5959-5394-46EA-B8E1-B7F866DABDD6} = {3D3BCFAE-837E-4F56-A066-8546ACED5850}
		{AAD08B6E-84BC-48BA-837C-B7E54566726F} = {3D3BCFAE-837E-4F56-A066-8546ACED5850}
		{CDF02273-9CA7-4E50-8950-17AB6E84D38A} = {3D3BCFAE-837E-4F56-A066-8546ACED5850}
		{8AA88B9E-67B3-40D0-84AD-2B405573F5C9} = {3D3BCFAE-837E-4F56-A066-8546ACED5850}
		{9365EA59-608D-45D7-B145-A51C6A2AAF3E} = {0269BFB4-89A8-42D4-99FD-C3FC80385695}
		{8F067DDB-65CD-42B0-892A-2163C4AC0AB5} = {0269BFB4-89A8-42D4-99FD-C3FC80385695}
		{AE113400-B052-4C1D-9CAD-D15A8E082D9B} = {0269BFB4-89A8-42D4-99FD-C3FC80385695}
		{11C04F93-E953-4872-8FB5-6A2BD22A9195} = {0269BFB4-89A8-42D4-99FD-C3FC80385695}
	EndGlobalSection
	GlobalSection(ExtensibilityGlobals) = postSolution
		SolutionGuid = {2A6420F7-C7C9-4BD4-8682-0CB0ACC7A8ED}
	EndGlobalSection
EndGlobal
